
Microsoft Visual Studio Solution File, Format Version 12.00
# Visual Studio Version 17
VisualStudioVersion = 17.4.33213.308
MinimumVisualStudioVersion = 10.0.40219.1
Project("{FAE04EC0-301F-11D3-BF4B-00C04F79EFBC}") = "To Do List", "To Do List\To Do List.csproj", "{51ACA39D-82E4-42E3-BF11-5272000D9CD1}"
EndProject
Global
	GlobalSection(SolutionConfigurationPlatforms) = preSolution
		Debug|Any CPU = Debug|Any CPU
		Release|Any CPU = Release|Any CPU
	EndGlobalSection
	GlobalSection(ProjectConfigurationPlatforms) = postSolution
		{51ACA39D-82E4-42E3-BF11-5272000D9CD1}.Debug|Any CPU.ActiveCfg = Debug|Any CPU
		{51ACA39D-82E4-42E3-BF11-5272000D9CD1}.Debug|Any CPU.Build.0 = Debug|Any CPU
		{51ACA39D-82E4-42E3-BF11-5272000D9CD1}.Release|Any CPU.ActiveCfg = Release|Any CPU
		{51ACA39D-82E4-42E3-BF11-5272000D9CD1}.Release|Any CPU.Build.0 = Release|Any CPU
	EndGlobalSection
	GlobalSection(SolutionProperties) = preSolution
		HideSolutionNode = FALSE
	EndGlobalSection
	GlobalSection(ExtensibilityGlobals) = postSolution
		SolutionGuid = {64FC0986-A48B-4E8F-AF51-48413B582A70}
	EndGlobalSection
EndGlobal
